// !$*UTF8*$!
{
	archiveVersion = 1;
	classes = {
	};
	objectVersion = 56;
	objects = {

/* Begin PBXBuildFile section */
		DD88614E2A701A8200862523 /* AIImageModel.swift in Sources */ = {isa = PBXBuildFile; fileRef = DD88614D2A701A8200862523 /* AIImageModel.swift */; };
		DD8861502A71828700862523 /* NetworkManager.swift in Sources */ = {isa = PBXBuildFile; fileRef = DD88614F2A71828700862523 /* NetworkManager.swift */; };
		DD8861522A7182BA00862523 /* RequestType.swift in Sources */ = {isa = PBXBuildFile; fileRef = DD8861512A7182BA00862523 /* RequestType.swift */; };
		DD8861542A72B4D900862523 /* CollectionViewCellVC.swift in Sources */ = {isa = PBXBuildFile; fileRef = DD8861532A72B4D900862523 /* CollectionViewCellVC.swift */; };
		DD8861562A73B22D00862523 /* SplashScreenVC.swift in Sources */ = {isa = PBXBuildFile; fileRef = DD8861552A73B22D00862523 /* SplashScreenVC.swift */; };
		DD8861582A73B38300862523 /* DetailsVC.swift in Sources */ = {isa = PBXBuildFile; fileRef = DD8861572A73B38300862523 /* DetailsVC.swift */; };
		DDCC79552A7013BF000EEC06 /* AppDelegate.swift in Sources */ = {isa = PBXBuildFile; fileRef = DDCC79542A7013BF000EEC06 /* AppDelegate.swift */; };
		DDCC79572A7013BF000EEC06 /* SceneDelegate.swift in Sources */ = {isa = PBXBuildFile; fileRef = DDCC79562A7013BF000EEC06 /* SceneDelegate.swift */; };
		DDCC79592A7013BF000EEC06 /* HomeVC.swift in Sources */ = {isa = PBXBuildFile; fileRef = DDCC79582A7013BF000EEC06 /* HomeVC.swift */; };
		DDCC795C2A7013BF000EEC06 /* Main.storyboard in Resources */ = {isa = PBXBuildFile; fileRef = DDCC795A2A7013BF000EEC06 /* Main.storyboard */; };
		DDCC795E2A7013BF000EEC06 /* Assets.xcassets in Resources */ = {isa = PBXBuildFile; fileRef = DDCC795D2A7013BF000EEC06 /* Assets.xcassets */; };
		DDCC79612A7013BF000EEC06 /* LaunchScreen.storyboard in Resources */ = {isa = PBXBuildFile; fileRef = DDCC795F2A7013BF000EEC06 /* LaunchScreen.storyboard */; };
/* End PBXBuildFile section */

/* Begin PBXFileReference section */
		DD88614D2A701A8200862523 /* AIImageModel.swift */ = {isa = PBXFileReference; lastKnownFileType = sourcecode.swift; path = AIImageModel.swift; sourceTree = "<group>"; };
		DD88614F2A71828700862523 /* NetworkManager.swift */ = {isa = PBXFileReference; lastKnownFileType = sourcecode.swift; path = NetworkManager.swift; sourceTree = "<group>"; };
		DD8861512A7182BA00862523 /* RequestType.swift */ = {isa = PBXFileReference; lastKnownFileType = sourcecode.swift; path = RequestType.swift; sourceTree = "<group>"; };
		DD8861532A72B4D900862523 /* CollectionViewCellVC.swift */ = {isa = PBXFileReference; lastKnownFileType = sourcecode.swift; path = CollectionViewCellVC.swift; sourceTree = "<group>"; };
		DD8861552A73B22D00862523 /* SplashScreenVC.swift */ = {isa = PBXFileReference; lastKnownFileType = sourcecode.swift; path = SplashScreenVC.swift; sourceTree = "<group>"; };
		DD8861572A73B38300862523 /* DetailsVC.swift */ = {isa = PBXFileReference; lastKnownFileType = sourcecode.swift; path = DetailsVC.swift; sourceTree = "<group>"; };
		DDCC79512A7013BF000EEC06 /* AIImageGenerator.app */ = {isa = PBXFileReference; explicitFileType = wrapper.application; includeInIndex = 0; path = AIImageGenerator.app; sourceTree = BUILT_PRODUCTS_DIR; };
		DDCC79542A7013BF000EEC06 /* AppDelegate.swift */ = {isa = PBXFileReference; lastKnownFileType = sourcecode.swift; path = AppDelegate.swift; sourceTree = "<group>"; };
		DDCC79562A7013BF000EEC06 /* SceneDelegate.swift */ = {isa = PBXFileReference; lastKnownFileType = sourcecode.swift; path = SceneDelegate.swift; sourceTree = "<group>"; };
		DDCC79582A7013BF000EEC06 /* HomeVC.swift */ = {isa = PBXFileReference; lastKnownFileType = sourcecode.swift; path = HomeVC.swift; sourceTree = "<group>"; };
		DDCC795B2A7013BF000EEC06 /* Base */ = {isa = PBXFileReference; lastKnownFileType = file.storyboard; name = Base; path = Base.lproj/Main.storyboard; sourceTree = "<group>"; };
		DDCC795D2A7013BF000EEC06 /* Assets.xcassets */ = {isa = PBXFileReference; lastKnownFileType = folder.assetcatalog; path = Assets.xcassets; sourceTree = "<group>"; };
		DDCC79602A7013BF000EEC06 /* Base */ = {isa = PBXFileReference; lastKnownFileType = file.storyboard; name = Base; path = Base.lproj/LaunchScreen.storyboard; sourceTree = "<group>"; };
		DDCC79622A7013BF000EEC06 /* Info.plist */ = {isa = PBXFileReference; lastKnownFileType = text.plist.xml; path = Info.plist; sourceTree = "<group>"; };
/* End PBXFileReference section */

/* Begin PBXFrameworksBuildPhase section */
		DDCC794E2A7013BF000EEC06 /* Frameworks */ = {
			isa = PBXFrameworksBuildPhase;
			buildActionMask = 2147483647;
			files = (
			);
			runOnlyForDeploymentPostprocessing = 0;
		};
/* End PBXFrameworksBuildPhase section */

/* Begin PBXGroup section */
		DD8861462A7018A100862523 /* HomePage */ = {
			isa = PBXGroup;
			children = (
				DD8861492A7018D200862523 /* Cell */,
				DD8861482A7018C700862523 /* ViewModel */,
				DDCC79772A7015FE000EEC06 /* View */,
			);
			path = HomePage;
			sourceTree = "<group>";
		};
		DD8861472A7018BC00862523 /* Scenes */ = {
			isa = PBXGroup;
			children = (
				DD88614A2A7018DB00862523 /* DetailsPage */,
				DD8861462A7018A100862523 /* HomePage */,
			);
			path = Scenes;
			sourceTree = "<group>";
		};
		DD8861482A7018C700862523 /* ViewModel */ = {
			isa = PBXGroup;
			children = (
			);
			path = ViewModel;
			sourceTree = "<group>";
		};
		DD8861492A7018D200862523 /* Cell */ = {
			isa = PBXGroup;
			children = (
				DD8861532A72B4D900862523 /* CollectionViewCellVC.swift */,
			);
			path = Cell;
			sourceTree = "<group>";
		};
		DD88614A2A7018DB00862523 /* DetailsPage */ = {
			isa = PBXGroup;
			children = (
				DD88614C2A7018E700862523 /* ViewModel */,
				DD88614B2A7018E200862523 /* View */,
			);
			path = DetailsPage;
			sourceTree = "<group>";
		};
		DD88614B2A7018E200862523 /* View */ = {
			isa = PBXGroup;
			children = (
				DD8861572A73B38300862523 /* DetailsVC.swift */,
			);
			path = View;
			sourceTree = "<group>";
		};
		DD88614C2A7018E700862523 /* ViewModel */ = {
			isa = PBXGroup;
			children = (
			);
			path = ViewModel;
			sourceTree = "<group>";
		};
		DDCC79482A7013BF000EEC06 = {
			isa = PBXGroup;
			children = (
				DDCC79532A7013BF000EEC06 /* AIImageGenerator */,
				DDCC79522A7013BF000EEC06 /* Products */,
			);
			sourceTree = "<group>";
		};
		DDCC79522A7013BF000EEC06 /* Products */ = {
			isa = PBXGroup;
			children = (
				DDCC79512A7013BF000EEC06 /* AIImageGenerator.app */,
			);
			name = Products;
			sourceTree = "<group>";
		};
		DDCC79532A7013BF000EEC06 /* AIImageGenerator */ = {
			isa = PBXGroup;
			children = (
				DDCC79762A70151B000EEC06 /* Utils */,
				DDCC79752A70150D000EEC06 /* Network */,
				DDCC79742A701502000EEC06 /* Model */,
				DDCC796A2A701430000EEC06 /* Splash */,
				DDCC79692A70141A000EEC06 /* Storyboard */,
				DDCC79682A7013FF000EEC06 /* Delegates */,
				DD8861472A7018BC00862523 /* Scenes */,
				DDCC795D2A7013BF000EEC06 /* Assets.xcassets */,
				DDCC79622A7013BF000EEC06 /* Info.plist */,
			);
			path = AIImageGenerator;
			sourceTree = "<group>";
		};
		DDCC79682A7013FF000EEC06 /* Delegates */ = {
			isa = PBXGroup;
			children = (
				DDCC79542A7013BF000EEC06 /* AppDelegate.swift */,
				DDCC79562A7013BF000EEC06 /* SceneDelegate.swift */,
			);
			path = Delegates;
			sourceTree = "<group>";
		};
		DDCC79692A70141A000EEC06 /* Storyboard */ = {
			isa = PBXGroup;
			children = (
				DDCC795F2A7013BF000EEC06 /* LaunchScreen.storyboard */,
				DDCC795A2A7013BF000EEC06 /* Main.storyboard */,
			);
			path = Storyboard;
			sourceTree = "<group>";
		};
		DDCC796A2A701430000EEC06 /* Splash */ = {
			isa = PBXGroup;
			children = (
				DD8861552A73B22D00862523 /* SplashScreenVC.swift */,
			);
			path = Splash;
			sourceTree = "<group>";
		};
		DDCC79742A701502000EEC06 /* Model */ = {
			isa = PBXGroup;
			children = (
				DD88614D2A701A8200862523 /* AIImageModel.swift */,
			);
			path = Model;
			sourceTree = "<group>";
		};
		DDCC79752A70150D000EEC06 /* Network */ = {
			isa = PBXGroup;
			children = (
				DD88614F2A71828700862523 /* NetworkManager.swift */,
				DD8861512A7182BA00862523 /* RequestType.swift */,
			);
			path = Network;
			sourceTree = "<group>";
		};
		DDCC79762A70151B000EEC06 /* Utils */ = {
			isa = PBXGroup;
			children = (
			);
			path = Utils;
			sourceTree = "<group>";
		};
		DDCC79772A7015FE000EEC06 /* View */ = {
			isa = PBXGroup;
			children = (
				DDCC79582A7013BF000EEC06 /* HomeVC.swift */,
			);
			path = View;
			sourceTree = "<group>";
		};
/* End PBXGroup section */

/* Begin PBXNativeTarget section */
		DDCC79502A7013BF000EEC06 /* AIImageGenerator */ = {
			isa = PBXNativeTarget;
			buildConfigurationList = DDCC79652A7013BF000EEC06 /* Build configuration list for PBXNativeTarget "AIImageGenerator" */;
			buildPhases = (
				DDCC794D2A7013BF000EEC06 /* Sources */,
				DDCC794E2A7013BF000EEC06 /* Frameworks */,
				DDCC794F2A7013BF000EEC06 /* Resources */,
			);
			buildRules = (
			);
			dependencies = (
			);
			name = AIImageGenerator;
			productName = AIImageGenerator;
			productReference = DDCC79512A7013BF000EEC06 /* AIImageGenerator.app */;
			productType = "com.apple.product-type.application";
		};
/* End PBXNativeTarget section */

/* Begin PBXProject section */
		DDCC79492A7013BF000EEC06 /* Project object */ = {
			isa = PBXProject;
			attributes = {
				BuildIndependentTargetsInParallel = 1;
				LastSwiftUpdateCheck = 1430;
				LastUpgradeCheck = 1430;
				TargetAttributes = {
					DDCC79502A7013BF000EEC06 = {
						CreatedOnToolsVersion = 14.3.1;
					};
				};
			};
			buildConfigurationList = DDCC794C2A7013BF000EEC06 /* Build configuration list for PBXProject "AIImageGenerator" */;
			compatibilityVersion = "Xcode 14.0";
			developmentRegion = en;
			hasScannedForEncodings = 0;
			knownRegions = (
				en,
				Base,
			);
			mainGroup = DDCC79482A7013BF000EEC06;
			productRefGroup = DDCC79522A7013BF000EEC06 /* Products */;
			projectDirPath = "";
			projectRoot = "";
			targets = (
				DDCC79502A7013BF000EEC06 /* AIImageGenerator */,
			);
		};
/* End PBXProject section */

/* Begin PBXResourcesBuildPhase section */
		DDCC794F2A7013BF000EEC06 /* Resources */ = {
			isa = PBXResourcesBuildPhase;
			buildActionMask = 2147483647;
			files = (
				DDCC79612A7013BF000EEC06 /* LaunchScreen.storyboard in Resources */,
				DDCC795E2A7013BF000EEC06 /* Assets.xcassets in Resources */,
				DDCC795C2A7013BF000EEC06 /* Main.storyboard in Resources */,
			);
			runOnlyForDeploymentPostprocessing = 0;
		};
/* End PBXResourcesBuildPhase section */

/* Begin PBXSourcesBuildPhase section */
		DDCC794D2A7013BF000EEC06 /* Sources */ = {
			isa = PBXSourcesBuildPhase;
			buildActionMask = 2147483647;
			files = (
				DDCC79592A7013BF000EEC06 /* HomeVC.swift in Sources */,
				DDCC79552A7013BF000EEC06 /* AppDelegate.swift in Sources */,
				DD8861502A71828700862523 /* NetworkManager.swift in Sources */,
				DD8861562A73B22D00862523 /* SplashScreenVC.swift in Sources */,
				DD8861582A73B38300862523 /* DetailsVC.swift in Sources */,
				DDCC79572A7013BF000EEC06 /* SceneDelegate.swift in Sources */,
				DD88614E2A701A8200862523 /* AIImageModel.swift in Sources */,
				DD8861542A72B4D900862523 /* CollectionViewCellVC.swift in Sources */,
				DD8861522A7182BA00862523 /* RequestType.swift in Sources */,
			);
			runOnlyForDeploymentPostprocessing = 0;
		};
/* End PBXSourcesBuildPhase section */

/* Begin PBXVariantGroup section */
		DDCC795A2A7013BF000EEC06 /* Main.storyboard */ = {
			isa = PBXVariantGroup;
			children = (
				DDCC795B2A7013BF000EEC06 /* Base */,
			);
			name = Main.storyboard;
			sourceTree = "<group>";
		};
		DDCC795F2A7013BF000EEC06 /* LaunchScreen.storyboard */ = {
			isa = PBXVariantGroup;
			children = (
				DDCC79602A7013BF000EEC06 /* Base */,
			);
			name = LaunchScreen.storyboard;
			sourceTree = "<group>";
		};
/* End PBXVariantGroup section */

/* Begin XCBuildConfiguration section */
		DDCC79632A7013BF000EEC06 /* Debug */ = {
			isa = XCBuildConfiguration;
			buildSettings = {
				ALWAYS_SEARCH_USER_PATHS = NO;
				CLANG_ANALYZER_NONNULL = YES;
				CLANG_ANALYZER_NUMBER_OBJECT_CONVERSION = YES_AGGRESSIVE;
				CLANG_CXX_LANGUAGE_STANDARD = "gnu++20";
				CLANG_ENABLE_MODULES = YES;
				CLANG_ENABLE_OBJC_ARC = YES;
				CLANG_ENABLE_OBJC_WEAK = YES;
				CLANG_WARN_BLOCK_CAPTURE_AUTORELEASING = YES;
				CLANG_WARN_BOOL_CONVERSION = YES;
				CLANG_WARN_COMMA = YES;
				CLANG_WARN_CONSTANT_CONVERSION = YES;
				CLANG_WARN_DEPRECATED_OBJC_IMPLEMENTATIONS = YES;
				CLANG_WARN_DIRECT_OBJC_ISA_USAGE = YES_ERROR;
				CLANG_WARN_DOCUMENTATION_COMMENTS = YES;
				CLANG_WARN_EMPTY_BODY = YES;
				CLANG_WARN_ENUM_CONVERSION = YES;
				CLANG_WARN_INFINITE_RECURSION = YES;
				CLANG_WARN_INT_CONVERSION = YES;
				CLANG_WARN_NON_LITERAL_NULL_CONVERSION = YES;
				CLANG_WARN_OBJC_IMPLICIT_RETAIN_SELF = YES;
				CLANG_WARN_OBJC_LITERAL_CONVERSION = YES;
				CLANG_WARN_OBJC_ROOT_CLASS = YES_ERROR;
				CLANG_WARN_QUOTED_INCLUDE_IN_FRAMEWORK_HEADER = YES;
				CLANG_WARN_RANGE_LOOP_ANALYSIS = YES;
				CLANG_WARN_STRICT_PROTOTYPES = YES;
				CLANG_WARN_SUSPICIOUS_MOVE = YES;
				CLANG_WARN_UNGUARDED_AVAILABILITY = YES_AGGRESSIVE;
				CLANG_WARN_UNREACHABLE_CODE = YES;
				CLANG_WARN__DUPLICATE_METHOD_MATCH = YES;
				COPY_PHASE_STRIP = NO;
				DEBUG_INFORMATION_FORMAT = dwarf;
				ENABLE_STRICT_OBJC_MSGSEND = YES;
				ENABLE_TESTABILITY = YES;
				GCC_C_LANGUAGE_STANDARD = gnu11;
				GCC_DYNAMIC_NO_PIC = NO;
				GCC_NO_COMMON_BLOCKS = YES;
				GCC_OPTIMIZATION_LEVEL = 0;
				GCC_PREPROCESSOR_DEFINITIONS = (
					"DEBUG=1",
					"$(inherited)",
				);
				GCC_WARN_64_TO_32_BIT_CONVERSION = YES;
				GCC_WARN_ABOUT_RETURN_TYPE = YES_ERROR;
				GCC_WARN_UNDECLARED_SELECTOR = YES;
				GCC_WARN_UNINITIALIZED_AUTOS = YES_AGGRESSIVE;
				GCC_WARN_UNUSED_FUNCTION = YES;
				GCC_WARN_UNUSED_VARIABLE = YES;
				IPHONEOS_DEPLOYMENT_TARGET = 16.4;
				MTL_ENABLE_DEBUG_INFO = INCLUDE_SOURCE;
				MTL_FAST_MATH = YES;
				ONLY_ACTIVE_ARCH = YES;
				SDKROOT = iphoneos;
				SWIFT_ACTIVE_COMPILATION_CONDITIONS = DEBUG;
				SWIFT_OPTIMIZATION_LEVEL = "-Onone";
			};
			name = Debug;
		};
		DDCC79642A7013BF000EEC06 /* Release */ = {
			isa = XCBuildConfiguration;
			buildSettings = {
				ALWAYS_SEARCH_USER_PATHS = NO;
				CLANG_ANALYZER_NONNULL = YES;
				CLANG_ANALYZER_NUMBER_OBJECT_CONVERSION = YES_AGGRESSIVE;
				CLANG_CXX_LANGUAGE_STANDARD = "gnu++20";
				CLANG_ENABLE_MODULES = YES;
				CLANG_ENABLE_OBJC_ARC = YES;
				CLANG_ENABLE_OBJC_WEAK = YES;
				CLANG_WARN_BLOCK_CAPTURE_AUTORELEASING = YES;
				CLANG_WARN_BOOL_CONVERSION = YES;
				CLANG_WARN_COMMA = YES;
				CLANG_WARN_CONSTANT_CONVERSION = YES;
				CLANG_WARN_DEPRECATED_OBJC_IMPLEMENTATIONS = YES;
				CLANG_WARN_DIRECT_OBJC_ISA_USAGE = YES_ERROR;
				CLANG_WARN_DOCUMENTATION_COMMENTS = YES;
				CLANG_WARN_EMPTY_BODY = YES;
				CLANG_WARN_ENUM_CONVERSION = YES;
				CLANG_WARN_INFINITE_RECURSION = YES;
				CLANG_WARN_INT_CONVERSION = YES;
				CLANG_WARN_NON_LITERAL_NULL_CONVERSION = YES;
				CLANG_WARN_OBJC_IMPLICIT_RETAIN_SELF = YES;
				CLANG_WARN_OBJC_LITERAL_CONVERSION = YES;
				CLANG_WARN_OBJC_ROOT_CLASS = YES_ERROR;
				CLANG_WARN_QUOTED_INCLUDE_IN_FRAMEWORK_HEADER = YES;
				CLANG_WARN_RANGE_LOOP_ANALYSIS = YES;
				CLANG_WARN_STRICT_PROTOTYPES = YES;
				CLANG_WARN_SUSPICIOUS_MOVE = YES;
				CLANG_WARN_UNGUARDED_AVAILABILITY = YES_AGGRESSIVE;
				CLANG_WARN_UNREACHABLE_CODE = YES;
				CLANG_WARN__DUPLICATE_METHOD_MATCH = YES;
				COPY_PHASE_STRIP = NO;
				DEBUG_INFORMATION_FORMAT = "dwarf-with-dsym";
				ENABLE_NS_ASSERTIONS = NO;
				ENABLE_STRICT_OBJC_MSGSEND = YES;
				GCC_C_LANGUAGE_STANDARD = gnu11;
				GCC_NO_COMMON_BLOCKS = YES;
				GCC_WARN_64_TO_32_BIT_CONVERSION = YES;
				GCC_WARN_ABOUT_RETURN_TYPE = YES_ERROR;
				GCC_WARN_UNDECLARED_SELECTOR = YES;
				GCC_WARN_UNINITIALIZED_AUTOS = YES_AGGRESSIVE;
				GCC_WARN_UNUSED_FUNCTION = YES;
				GCC_WARN_UNUSED_VARIABLE = YES;
				IPHONEOS_DEPLOYMENT_TARGET = 16.4;
				MTL_ENABLE_DEBUG_INFO = NO;
				MTL_FAST_MATH = YES;
				SDKROOT = iphoneos;
				SWIFT_COMPILATION_MODE = wholemodule;
				SWIFT_OPTIMIZATION_LEVEL = "-O";
				VALIDATE_PRODUCT = YES;
			};
			name = Release;
		};
		DDCC79662A7013BF000EEC06 /* Debug */ = {
			isa = XCBuildConfiguration;
			buildSettings = {
				ASSETCATALOG_COMPILER_APPICON_NAME = AppIcon;
				ASSETCATALOG_COMPILER_GLOBAL_ACCENT_COLOR_NAME = AccentColor;
				CODE_SIGN_STYLE = Automatic;
				CURRENT_PROJECT_VERSION = 1;
				DEVELOPMENT_TEAM = 7Y8QP7UN32;
				GENERATE_INFOPLIST_FILE = YES;
				INFOPLIST_FILE = AIImageGenerator/Info.plist;
				INFOPLIST_KEY_UIApplicationSupportsIndirectInputEvents = YES;
				INFOPLIST_KEY_UILaunchStoryboardName = LaunchScreen;
				INFOPLIST_KEY_UIMainStoryboardFile = Main;
				INFOPLIST_KEY_UISupportedInterfaceOrientations_iPad = "UIInterfaceOrientationPortrait UIInterfaceOrientationPortraitUpsideDown UIInterfaceOrientationLandscapeLeft UIInterfaceOrientationLandscapeRight";
				INFOPLIST_KEY_UISupportedInterfaceOrientations_iPhone = "UIInterfaceOrientationPortrait UIInterfaceOrientationLandscapeLeft UIInterfaceOrientationLandscapeRight";
				LD_RUNPATH_SEARCH_PATHS = (
					"$(inherited)",
					"@executable_path/Frameworks",
				);
				MARKETING_VERSION = 1.0;
				PRODUCT_BUNDLE_IDENTIFIER = com.elif.AIImageGenerator;
				PRODUCT_NAME = "$(TARGET_NAME)";
				SWIFT_EMIT_LOC_STRINGS = YES;
				SWIFT_VERSION = 5.0;
				TARGETED_DEVICE_FAMILY = "1,2";
			};
			name = Debug;
		};
		DDCC79672A7013BF000EEC06 /* Release */ = {
			isa = XCBuildConfiguration;
			buildSettings = {
				ASSETCATALOG_COMPILER_APPICON_NAME = AppIcon;
				ASSETCATALOG_COMPILER_GLOBAL_ACCENT_COLOR_NAME = AccentColor;
				CODE_SIGN_STYLE = Automatic;
				CURRENT_PROJECT_VERSION = 1;
				DEVELOPMENT_TEAM = 7Y8QP7UN32;
				GENERATE_INFOPLIST_FILE = YES;
				INFOPLIST_FILE = AIImageGenerator/Info.plist;
				INFOPLIST_KEY_UIApplicationSupportsIndirectInputEvents = YES;
				INFOPLIST_KEY_UILaunchStoryboardName = LaunchScreen;
				INFOPLIST_KEY_UIMainStoryboardFile = Main;
				INFOPLIST_KEY_UISupportedInterfaceOrientations_iPad = "UIInterfaceOrientationPortrait UIInterfaceOrientationPortraitUpsideDown UIInterfaceOrientationLandscapeLeft UIInterfaceOrientationLandscapeRight";
				INFOPLIST_KEY_UISupportedInterfaceOrientations_iPhone = "UIInterfaceOrientationPortrait UIInterfaceOrientationLandscapeLeft UIInterfaceOrientationLandscapeRight";
				LD_RUNPATH_SEARCH_PATHS = (
					"$(inherited)",
					"@executable_path/Frameworks",
				);
				MARKETING_VERSION = 1.0;
				PRODUCT_BUNDLE_IDENTIFIER = com.elif.AIImageGenerator;
				PRODUCT_NAME = "$(TARGET_NAME)";
				SWIFT_EMIT_LOC_STRINGS = YES;
				SWIFT_VERSION = 5.0;
				TARGETED_DEVICE_FAMILY = "1,2";
			};
			name = Release;
		};
/* End XCBuildConfiguration section */

/* Begin XCConfigurationList section */
		DDCC794C2A7013BF000EEC06 /* Build configuration list for PBXProject "AIImageGenerator" */ = {
			isa = XCConfigurationList;
			buildConfigurations = (
				DDCC79632A7013BF000EEC06 /* Debug */,
				DDCC79642A7013BF000EEC06 /* Release */,
			);
			defaultConfigurationIsVisible = 0;
			defaultConfigurationName = Release;
		};
		DDCC79652A7013BF000EEC06 /* Build configuration list for PBXNativeTarget "AIImageGenerator" */ = {
			isa = XCConfigurationList;
			buildConfigurations = (
				DDCC79662A7013BF000EEC06 /* Debug */,
				DDCC79672A7013BF000EEC06 /* Release */,
			);
			defaultConfigurationIsVisible = 0;
			defaultConfigurationName = Release;
		};
/* End XCConfigurationList section */
	};
	rootObject = DDCC79492A7013BF000EEC06 /* Project object */;
}
